
Microsoft Visual Studio Solution File, Format Version 12.00
# Visual Studio Version 17
VisualStudioVersion = 17.14.36518.9 d17.14
MinimumVisualStudioVersion = 10.0.40219.1
Project("{FAE04EC0-301F-11D3-BF4B-00C04F79EFBC}") = "17 Ex", "17 Ex\17 Ex.csproj", "{397A6741-CA41-4698-AAE4-56300F4C72E3}"
EndProject
Global
	GlobalSection(SolutionConfigurationPlatforms) = preSolution
		Debug|Any CPU = Debug|Any CPU
		Release|Any CPU = Release|Any CPU
	EndGlobalSection
	GlobalSection(ProjectConfigurationPlatforms) = postSolution
		{397A6741-CA41-4698-AAE4-56300F4C72E3}.Debug|Any CPU.ActiveCfg = Debug|Any CPU
		{397A6741-CA41-4698-AAE4-56300F4C72E3}.Debug|Any CPU.Build.0 = Debug|Any CPU
		{397A6741-CA41-4698-AAE4-56300F4C72E3}.Release|Any CPU.ActiveCfg = Release|Any CPU
		{397A6741-CA41-4698-AAE4-56300F4C72E3}.Release|Any CPU.Build.0 = Release|Any CPU
	EndGlobalSection
	GlobalSection(SolutionProperties) = preSolution
		HideSolutionNode = FALSE
	EndGlobalSection
	GlobalSection(ExtensibilityGlobals) = postSolution
		SolutionGuid = {72BC972B-070E-4062-8EAB-93E655F6BE24}
	EndGlobalSection
EndGlobal
